Microsoft Visual Studio Solution File, Format Version 12.00
# Visual Studio 15
VisualStudioVersion = 15.0.26430.14
MinimumVisualStudioVersion = 10.0.40219.1
Project("{FAE04EC0-301F-11D3-BF4B-00C04F79EFBC}") = "OpenAPIDocumentMedisecurePesApi.Standard", "OpenAPIDocumentMedisecurePesApi.Standard/OpenAPIDocumentMedisecurePesApi.Standard.csproj", "{625398f1-1eb6-4180-8179-fb9de05f406d}"
EndProject
Project("{FAE04EC0-301F-11D3-BF4B-00C04F79EFBC}") = "OpenAPIDocumentMedisecurePesApi.Tests", "OpenAPIDocumentMedisecurePesApi.Tests/OpenAPIDocumentMedisecurePesApi.Tests.csproj", "{96840594-3d83-4d4d-a784-15792c33c304}"
EndProject
Global
    GlobalSection(SolutionConfigurationPlatforms) = preSolution
        Debug|Any CPU = Debug|Any CPU
        Release|Any CPU = Release|Any CPU
    EndGlobalSection
    GlobalSection(ProjectConfigurationPlatforms) = postSolution
        {625398f1-1eb6-4180-8179-fb9de05f406d}.Debug|Any CPU.ActiveCfg = Debug|Any CPU
        {625398f1-1eb6-4180-8179-fb9de05f406d}.Debug|Any CPU.Build.0 = Debug|Any CPU
        {625398f1-1eb6-4180-8179-fb9de05f406d}.Release|Any CPU.ActiveCfg = Release|Any CPU
        {625398f1-1eb6-4180-8179-fb9de05f406d}.Release|Any CPU.Build.0 = Release|Any CPU
        {96840594-3d83-4d4d-a784-15792c33c304}.Debug|Any CPU.ActiveCfg = Debug|Any CPU
        {96840594-3d83-4d4d-a784-15792c33c304}.Debug|Any CPU.Build.0 = Debug|Any CPU
        {96840594-3d83-4d4d-a784-15792c33c304}.Release|Any CPU.ActiveCfg = Release|Any CPU
        {96840594-3d83-4d4d-a784-15792c33c304}.Release|Any CPU.Build.0 = Release|Any CPU
    EndGlobalSection
    GlobalSection(SolutionProperties) = preSolution
        HideSolutionNode = FALSE
    EndGlobalSection
EndGlobal
